
Microsoft Visual Studio Solution File, Format Version 12.00
# Visual Studio 15
VisualStudioVersion = 15.0.28307.438
MinimumVisualStudioVersion = 10.0.40219.1
Project("{FAE04EC0-301F-11D3-BF4B-00C04F79EFBC}") = "AT1Q2", "AT1Q2\AT1Q2.csproj", "{65084983-3037-464B-988B-277BB41A7EAB}"
EndProject
Global
	GlobalSection(SolutionConfigurationPlatforms) = preSolution
		Debug|Any CPU = Debug|Any CPU
		Release|Any CPU = Release|Any CPU
	EndGlobalSection
	GlobalSection(ProjectConfigurationPlatforms) = postSolution
		{65084983-3037-464B-988B-277BB41A7EAB}.Debug|Any CPU.ActiveCfg = Debug|Any CPU
		{65084983-3037-464B-988B-277BB41A7EAB}.Debug|Any CPU.Build.0 = Debug|Any CPU
		{65084983-3037-464B-988B-277BB41A7EAB}.Release|Any CPU.ActiveCfg = Release|Any CPU
		{65084983-3037-464B-988B-277BB41A7EAB}.Release|Any CPU.Build.0 = Release|Any CPU
	EndGlobalSection
	GlobalSection(SolutionProperties) = preSolution
		HideSolutionNode = FALSE
	EndGlobalSection
	GlobalSection(ExtensibilityGlobals) = postSolution
		SolutionGuid = {F7F760E6-E7B6-4886-9933-DF48A3F9AC60}
	EndGlobalSection
EndGlobal
